
Microsoft Visual Studio Solution File, Format Version 12.00
# Visual Studio Version 17
VisualStudioVersion = 17.7.34031.279
MinimumVisualStudioVersion = 10.0.40219.1
Project("{FAE04EC0-301F-11D3-BF4B-00C04F79EFBC}") = "API.FumitureStore.API", "API.FumitureStore.API\API.FumitureStore.API.csproj", "{82BEBA5A-BB53-4509-9735-28D8632A65DA}"
EndProject
Project("{FAE04EC0-301F-11D3-BF4B-00C04F79EFBC}") = "API.FumitureStore.Shared", "API.FumitureStore.Shared\API.FumitureStore.Shared.csproj", "{4731C031-2579-4498-963D-C2D32E51F50C}"
EndProject
Project("{FAE04EC0-301F-11D3-BF4B-00C04F79EFBC}") = "API.FumitureStore.Data", "API.FumitureStore.Data\API.FumitureStore.Data.csproj", "{09FA4925-A4B4-43AF-A7C2-9FC292659FC2}"
EndProject
Global
	GlobalSection(SolutionConfigurationPlatforms) = preSolution
		Debug|Any CPU = Debug|Any CPU
		Release|Any CPU = Release|Any CPU
	EndGlobalSection
	GlobalSection(ProjectConfigurationPlatforms) = postSolution
		{82BEBA5A-BB53-4509-9735-28D8632A65DA}.Debug|Any CPU.ActiveCfg = Debug|Any CPU
		{82BEBA5A-BB53-4509-9735-28D8632A65DA}.Debug|Any CPU.Build.0 = Debug|Any CPU
		{82BEBA5A-BB53-4509-9735-28D8632A65DA}.Release|Any CPU.ActiveCfg = Release|Any CPU
		{82BEBA5A-BB53-4509-9735-28D8632A65DA}.Release|Any CPU.Build.0 = Release|Any CPU
		{4731C031-2579-4498-963D-C2D32E51F50C}.Debug|Any CPU.ActiveCfg = Debug|Any CPU
		{4731C031-2579-4498-963D-C2D32E51F50C}.Debug|Any CPU.Build.0 = Debug|Any CPU
		{4731C031-2579-4498-963D-C2D32E51F50C}.Release|Any CPU.ActiveCfg = Release|Any CPU
		{4731C031-2579-4498-963D-C2D32E51F50C}.Release|Any CPU.Build.0 = Release|Any CPU
		{09FA4925-A4B4-43AF-A7C2-9FC292659FC2}.Debug|Any CPU.ActiveCfg = Debug|Any CPU
		{09FA4925-A4B4-43AF-A7C2-9FC292659FC2}.Debug|Any CPU.Build.0 = Debug|Any CPU
		{09FA4925-A4B4-43AF-A7C2-9FC292659FC2}.Release|Any CPU.ActiveCfg = Release|Any CPU
		{09FA4925-A4B4-43AF-A7C2-9FC292659FC2}.Release|Any CPU.Build.0 = Release|Any CPU
	EndGlobalSection
	GlobalSection(SolutionProperties) = preSolution
		HideSolutionNode = FALSE
	EndGlobalSection
	GlobalSection(ExtensibilityGlobals) = postSolution
		SolutionGuid = {3A9E5081-910A-41F8-81A2-E094489D78AC}
	EndGlobalSection
EndGlobal
